
Microsoft Visual Studio Solution File, Format Version 12.00
# Visual Studio 15
VisualStudioVersion = 15.0.26730.8
MinimumVisualStudioVersion = 10.0.40219.1
Project("{FAE04EC0-301F-11D3-BF4B-00C04F79EFBC}") = "HtmlAgilityPackDemo", "HtmlAgilityPackDemo\HtmlAgilityPackDemo.csproj", "{A776A619-1531-4F0A-850A-AAC8659C83A2}"
EndProject
Global
	GlobalSection(SolutionConfigurationPlatforms) = preSolution
		Debug|Any CPU = Debug|Any CPU
		Release|Any CPU = Release|Any CPU
	EndGlobalSection
	GlobalSection(ProjectConfigurationPlatforms) = postSolution
		{A776A619-1531-4F0A-850A-AAC8659C83A2}.Debug|Any CPU.ActiveCfg = Debug|Any CPU
		{A776A619-1531-4F0A-850A-AAC8659C83A2}.Debug|Any CPU.Build.0 = Debug|Any CPU
		{A776A619-1531-4F0A-850A-AAC8659C83A2}.Release|Any CPU.ActiveCfg = Release|Any CPU
		{A776A619-1531-4F0A-850A-AAC8659C83A2}.Release|Any CPU.Build.0 = Release|Any CPU
	EndGlobalSection
	GlobalSection(SolutionProperties) = preSolution
		HideSolutionNode = FALSE
	EndGlobalSection
	GlobalSection(ExtensibilityGlobals) = postSolution
		SolutionGuid = {4A6E0B02-8160-44F2-B5A5-B25E4A51D921}
	EndGlobalSection
EndGlobal
