
Microsoft Visual Studio Solution File, Format Version 12.00
# Visual Studio 15
VisualStudioVersion = 15.0.26730.8
MinimumVisualStudioVersion = 10.0.40219.1
Project("{FAE04EC0-301F-11D3-BF4B-00C04F79EFBC}") = "Spider", "Spider\Spider.csproj", "{D12F5EF3-C7D3-4647-8FE3-CBEEC9C364D1}"
EndProject
Global
	GlobalSection(SolutionConfigurationPlatforms) = preSolution
		Debug|Any CPU = Debug|Any CPU
		Release|Any CPU = Release|Any CPU
	EndGlobalSection
	GlobalSection(ProjectConfigurationPlatforms) = postSolution
		{D12F5EF3-C7D3-4647-8FE3-CBEEC9C364D1}.Debug|Any CPU.ActiveCfg = Debug|Any CPU
		{D12F5EF3-C7D3-4647-8FE3-CBEEC9C364D1}.Debug|Any CPU.Build.0 = Debug|Any CPU
		{D12F5EF3-C7D3-4647-8FE3-CBEEC9C364D1}.Release|Any CPU.ActiveCfg = Release|Any CPU
		{D12F5EF3-C7D3-4647-8FE3-CBEEC9C364D1}.Release|Any CPU.Build.0 = Release|Any CPU
	EndGlobalSection
	GlobalSection(SolutionProperties) = preSolution
		HideSolutionNode = FALSE
	EndGlobalSection
	GlobalSection(ExtensibilityGlobals) = postSolution
		SolutionGuid = {D4A058DD-DB34-4D84-95AF-89588B4BE71E}
	EndGlobalSection
EndGlobal
